// !$*UTF8*$!
{
	archiveVersion = 1;
	classes = {
	};
	objectVersion = 46;
	objects = {

/* Begin PBXBuildFile section */
		AA9EE79914B2C589008773C0 /* FreeType.framework in Frameworks */ = {isa = PBXBuildFile; fileRef = AA9EE79814B2C589008773C0 /* FreeType.framework */; };
		AA9EE79A14B2C593008773C0 /* FreeType.framework in Copy Fframeworks */ = {isa = PBXBuildFile; fileRef = AA9EE79814B2C589008773C0 /* FreeType.framework */; };
		BE48FD5F07AFA17000BB41DA /* SDL_ttf.h in Headers */ = {isa = PBXBuildFile; fileRef = 1014BAEA010A4B677F000001 /* SDL_ttf.h */; settings = {ATTRIBUTES = (Public, ); }; };
		BE48FD6207AFA17000BB41DA /* SDL_ttf.c in Sources */ = {isa = PBXBuildFile; fileRef = F567D67A01CD962A01F3E8B9 /* SDL_ttf.c */; };
		CD89F78D1B10645000CEF9C3 /* SDL2.framework in Frameworks */ = {isa = PBXBuildFile; fileRef = CD89F78C1B10645000CEF9C3 /* SDL2.framework */; };
/* End PBXBuildFile section */

/* Begin PBXCopyFilesBuildPhase section */
		AA9EE79714B2C55E008773C0 /* Copy Fframeworks */ = {
			isa = PBXCopyFilesBuildPhase;
			buildActionMask = 2147483647;
			dstPath = "";
			dstSubfolderSpec = 10;
			files = (
				AA9EE79A14B2C593008773C0 /* FreeType.framework in Copy Fframeworks */,
			);
			name = "Copy Fframeworks";
			runOnlyForDeploymentPostprocessing = 0;
		};
/* End PBXCopyFilesBuildPhase section */

/* Begin PBXFileReference section */
		1014BAEA010A4B677F000001 /* SDL_ttf.h */ = {isa = PBXFileReference; fileEncoding = 30; lastKnownFileType = sourcecode.c.h; name = SDL_ttf.h; path = ../SDL_ttf.h; sourceTree = SOURCE_ROOT; };
		AA9EE79814B2C589008773C0 /* FreeType.framework */ = {isa = PBXFileReference; lastKnownFileType = wrapper.framework; name = FreeType.framework; path = Frameworks/FreeType.framework; sourceTree = "<group>"; };
		BE48FD6607AFA17000BB41DA /* Info-Framework.plist */ = {isa = PBXFileReference; lastKnownFileType = text.plist.xml; path = "Info-Framework.plist"; sourceTree = "<group>"; };
		BE48FD6707AFA17000BB41DA /* SDL2_ttf.framework */ = {isa = PBXFileReference; explicitFileType = wrapper.framework; includeInIndex = 0; path = SDL2_ttf.framework; sourceTree = BUILT_PRODUCTS_DIR; };
		CD89F78C1B10645000CEF9C3 /* SDL2.framework */ = {isa = PBXFileReference; lastKnownFileType = wrapper.framework; path = SDL2.framework; sourceTree = BUILT_PRODUCTS_DIR; };
		F567D67A01CD962A01F3E8B9 /* SDL_ttf.c */ = {isa = PBXFileReference; fileEncoding = 30; lastKnownFileType = sourcecode.c.c; name = SDL_ttf.c; path = ../SDL_ttf.c; sourceTree = SOURCE_ROOT; };
		F59C710300D5CB5801000001 /* ReadMe.txt */ = {isa = PBXFileReference; fileEncoding = 30; lastKnownFileType = text; path = ReadMe.txt; sourceTree = "<group>"; };
		F59C710400D5CB5801000001 /* Welcome.txt */ = {isa = PBXFileReference; fileEncoding = 30; lastKnownFileType = text; path = Welcome.txt; sourceTree = "<group>"; };
		F59C710600D5CB5801000001 /* SDL_ttf.info */ = {isa = PBXFileReference; fileEncoding = 30; lastKnownFileType = text; path = SDL_ttf.info; sourceTree = "<group>"; };
/* End PBXFileReference section */

/* Begin PBXFrameworksBuildPhase section */
		BE48FD6307AFA17000BB41DA /* Frameworks */ = {
			isa = PBXFrameworksBuildPhase;
			buildActionMask = 2147483647;
			files = (
				AA9EE79914B2C589008773C0 /* FreeType.framework in Frameworks */,
				CD89F78D1B10645000CEF9C3 /* SDL2.framework in Frameworks */,
			);
			runOnlyForDeploymentPostprocessing = 0;
		};
/* End PBXFrameworksBuildPhase section */

/* Begin PBXGroup section */
		0153844A006D81B07F000001 /* Public Headers */ = {
			isa = PBXGroup;
			children = (
				1014BAEA010A4B677F000001 /* SDL_ttf.h */,
			);
			name = "Public Headers";
			sourceTree = "<group>";
		};
		034768DDFF38A45A11DB9C8B /* Products */ = {
			isa = PBXGroup;
			children = (
				089C1665FE841158C02AAC07 /* Resources */,
				BE48FD6707AFA17000BB41DA /* SDL2_ttf.framework */,
			);
			name = Products;
			sourceTree = "<group>";
		};
		0867D691FE84028FC02AAC07 /* SDL_ttfFramework */ = {
			isa = PBXGroup;
			children = (
				F59C70FC00D5CB5801000001 /* pkg-support */,
				0153844A006D81B07F000001 /* Public Headers */,
				08FB77ACFE841707C02AAC07 /* Library Source */,
				BE48FD8107AFA26B00BB41DA /* Frameworks */,
				034768DDFF38A45A11DB9C8B /* Products */,
				BE48FD6607AFA17000BB41DA /* Info-Framework.plist */,
			);
			name = SDL_ttfFramework;
			sourceTree = "<group>";
		};
		089C1665FE841158C02AAC07 /* Resources */ = {
			isa = PBXGroup;
			children = (
			);
			name = Resources;
			sourceTree = "<group>";
		};
		08FB77ACFE841707C02AAC07 /* Library Source */ = {
			isa = PBXGroup;
			children = (
				F567D67A01CD962A01F3E8B9 /* SDL_ttf.c */,
			);
			name = "Library Source";
			sourceTree = "<group>";
		};
		BE48FD8107AFA26B00BB41DA /* Frameworks */ = {
			isa = PBXGroup;
			children = (
				BE48FD8207AFA27300BB41DA /* Linked Frameworks */,
			);
			name = Frameworks;
			sourceTree = "<group>";
		};
		BE48FD8207AFA27300BB41DA /* Linked Frameworks */ = {
			isa = PBXGroup;
			children = (
				AA9EE79814B2C589008773C0 /* FreeType.framework */,
				CD89F78C1B10645000CEF9C3 /* SDL2.framework */,
			);
			name = "Linked Frameworks";
			sourceTree = "<group>";
		};
		F59C70FC00D5CB5801000001 /* pkg-support */ = {
			isa = PBXGroup;
			children = (
				F59C710100D5CB5801000001 /* resources */,
				F59C710600D5CB5801000001 /* SDL_ttf.info */,
			);
			path = "pkg-support";
			sourceTree = SOURCE_ROOT;
		};
		F59C710100D5CB5801000001 /* resources */ = {
			isa = PBXGroup;
			children = (
				F59C710300D5CB5801000001 /* ReadMe.txt */,
				F59C710400D5CB5801000001 /* Welcome.txt */,
			);
			path = resources;
			sourceTree = "<group>";
		};
/* End PBXGroup section */

/* Begin PBXHeadersBuildPhase section */
		BE48FD5E07AFA17000BB41DA /* Headers */ = {
			isa = PBXHeadersBuildPhase;
			buildActionMask = 2147483647;
			files = (
				BE48FD5F07AFA17000BB41DA /* SDL_ttf.h in Headers */,
			);
			runOnlyForDeploymentPostprocessing = 0;
		};
/* End PBXHeadersBuildPhase section */

/* Begin PBXNativeTarget section */
		BE48FD5D07AFA17000BB41DA /* SDL2_ttf */ = {
			isa = PBXNativeTarget;
			buildConfigurationList = 00B7E1E9097E26C600826121 /* Build configuration list for PBXNativeTarget "SDL2_ttf" */;
			buildPhases = (
				BE48FD5E07AFA17000BB41DA /* Headers */,
				BE48FD6007AFA17000BB41DA /* Resources */,
				BE48FD6107AFA17000BB41DA /* Sources */,
				BE48FD6307AFA17000BB41DA /* Frameworks */,
				BE48FD6407AFA17000BB41DA /* Rez */,
				AA9EE79714B2C55E008773C0 /* Copy Fframeworks */,
				AA9EE79B14B2C59B008773C0 /* Create Frameworks symlink */,
			);
			buildRules = (
			);
			comments = "Installed into ~/Library/Frameworks/SDL_ttf.framework\n\nAdd -framework SDL_ttf to your linker flags\nAdd ~/Library/Frameworks/SDL_ttf.framework/Headers to your header search path\nAdd ~/Library/Frameworks to your library search path";
			dependencies = (
			);
			name = SDL2_ttf;
			productInstallPath = "@executable_path/../Frameworks";
			productName = SDL_ttf;
			productReference = BE48FD6707AFA17000BB41DA /* SDL2_ttf.framework */;
			productType = "com.apple.product-type.framework";
		};
/* End PBXNativeTarget section */

/* Begin PBXProject section */
		0867D690FE84028FC02AAC07 /* Project object */ = {
			isa = PBXProject;
			attributes = {
				LastUpgradeCheck = 0420;
			};
			buildConfigurationList = 00B7E1F5097E26C600826121 /* Build configuration list for PBXProject "SDL_ttf" */;
			compatibilityVersion = "Xcode 3.2";
			developmentRegion = English;
			hasScannedForEncodings = 1;
			knownRegions = (
				en,
			);
			mainGroup = 0867D691FE84028FC02AAC07 /* SDL_ttfFramework */;
			productRefGroup = 034768DDFF38A45A11DB9C8B /* Products */;
			projectDirPath = "";
			projectRoot = "";
			targets = (
				BE48FD5D07AFA17000BB41DA /* SDL2_ttf */,
			);
		};
/* End PBXProject section */

/* Begin PBXResourcesBuildPhase section */
		BE48FD6007AFA17000BB41DA /* Resources */ = {
			isa = PBXResourcesBuildPhase;
			buildActionMask = 2147483647;
			files = (
			);
			runOnlyForDeploymentPostprocessing = 0;
		};
/* End PBXResourcesBuildPhase section */

/* Begin PBXRezBuildPhase section */
		BE48FD6407AFA17000BB41DA /* Rez */ = {
			isa = PBXRezBuildPhase;
			buildActionMask = 2147483647;
			files = (
			);
			runOnlyForDeploymentPostprocessing = 0;
		};
/* End PBXRezBuildPhase section */

/* Begin PBXShellScriptBuildPhase section */
		AA9EE79B14B2C59B008773C0 /* Create Frameworks symlink */ = {
			isa = PBXShellScriptBuildPhase;
			buildActionMask = 2147483647;
			files = (
			);
			inputPaths = (
			);
			name = "Create Frameworks symlink";
			outputPaths = (
			);
			runOnlyForDeploymentPostprocessing = 0;
			shellPath = /bin/sh;
			shellScript = "cd $SYMROOT/$CONFIGURATION/$FULL_PRODUCT_NAME\nif ! [ -L Frameworks ]; then\n    rm -f Frameworks\n    ln -s Versions/Current/Frameworks Frameworks\nfi";
		};
/* End PBXShellScriptBuildPhase section */

/* Begin PBXSourcesBuildPhase section */
		BE48FD6107AFA17000BB41DA /* Sources */ = {
			isa = PBXSourcesBuildPhase;
			buildActionMask = 2147483647;
			files = (
				BE48FD6207AFA17000BB41DA /* SDL_ttf.c in Sources */,
			);
			runOnlyForDeploymentPostprocessing = 0;
		};
/* End PBXSourcesBuildPhase section */

/* Begin XCBuildConfiguration section */
		00B7E1EA097E26C600826121 /* Debug */ = {
			isa = XCBuildConfiguration;
			buildSettings = {
				DYLIB_COMPATIBILITY_VERSION = 11;
				DYLIB_CURRENT_VERSION = 11.2;
				FRAMEWORK_VERSION = A;
				INFOPLIST_FILE = "Info-Framework.plist";
				INSTALL_PATH = "@rpath";
				LD_RUNPATH_SEARCH_PATHS = "@loader_path/Frameworks";
				WRAPPER_EXTENSION = framework;
			};
			name = Debug;
		};
		00B7E1EB097E26C600826121 /* Release */ = {
			isa = XCBuildConfiguration;
			buildSettings = {
				DYLIB_COMPATIBILITY_VERSION = 11;
				DYLIB_CURRENT_VERSION = 11.2;
				FRAMEWORK_VERSION = A;
				INFOPLIST_FILE = "Info-Framework.plist";
				INSTALL_PATH = "@rpath";
				LD_RUNPATH_SEARCH_PATHS = "@loader_path/Frameworks";
				WRAPPER_EXTENSION = framework;
			};
			name = Release;
		};
		00B7E1F6097E26C600826121 /* Debug */ = {
			isa = XCBuildConfiguration;
			buildSettings = {
				ARCHS = "$(ARCHS_STANDARD_32_64_BIT)";
				FRAMEWORK_SEARCH_PATHS = (
					"$(FRAMEWORK_SEARCH_PATHS_QUOTED)",
					"$(BUILT_PRODUCTS_DIR)",
				);
				FRAMEWORK_SEARCH_PATHS_QUOTED = "\"$(SRCROOT)/Frameworks\"";
				GCC_OPTIMIZATION_LEVEL = 0;
				GCC_SYMBOLS_PRIVATE_EXTERN = YES;
				HEADER_SEARCH_PATHS = (
					"$(HEADER_SEARCH_PATHS_QUOTED)",
					"$(BUILT_PRODUCTS_DIR)/SDL2.framework/Headers",
				);
				HEADER_SEARCH_PATHS_QUOTED = "\"$(SRCROOT)/Frameworks/FreeType.framework/Headers\"";
				MACOSX_DEPLOYMENT_TARGET = 10.5;
				PRODUCT_NAME = SDL2_ttf;
				SDKROOT = macosx;
			};
			name = Debug;
		};
		00B7E1F7097E26C600826121 /* Release */ = {
			isa = XCBuildConfiguration;
			buildSettings = {
				ARCHS = "$(ARCHS_STANDARD_32_64_BIT)";
				DEPLOYMENT_POSTPROCESSING = YES;
				FRAMEWORK_SEARCH_PATHS = (
					"$(FRAMEWORK_SEARCH_PATHS_QUOTED)",
					"$(BUILT_PRODUCTS_DIR)",
				);
				FRAMEWORK_SEARCH_PATHS_QUOTED = "\"$(SRCROOT)/Frameworks\"";
				GCC_GENERATE_DEBUGGING_SYMBOLS = NO;
				GCC_SYMBOLS_PRIVATE_EXTERN = YES;
				HEADER_SEARCH_PATHS = (
					"$(HEADER_SEARCH_PATHS_QUOTED)",
					"$(BUILT_PRODUCTS_DIR)/SDL2.framework/Headers",
				);
				HEADER_SEARCH_PATHS_QUOTED = "\"$(SRCROOT)/Frameworks/FreeType.framework/Headers\"";
				MACOSX_DEPLOYMENT_TARGET = 10.5;
				PRODUCT_NAME = SDL2_ttf;
				SDKROOT = macosx;
				SEPARATE_STRIP = YES;
				STRIP_STYLE = "non-global";
			};
			name = Release;
		};
/* End XCBuildConfiguration section */

/* Begin XCConfigurationList section */
		00B7E1E9097E26C600826121 /* Build configuration list for PBXNativeTarget "SDL2_ttf" */ = {
			isa = XCConfigurationList;
			buildConfigurations = (
				00B7E1EA097E26C600826121 /* Debug */,
				00B7E1EB097E26C600826121 /* Release */,
			);
			defaultConfigurationIsVisible = 0;
			defaultConfigurationName = Debug;
		};
		00B7E1F5097E26C600826121 /* Build configuration list for PBXProject "SDL_ttf" */ = {
			isa = XCConfigurationList;
			buildConfigurations = (
				00B7E1F6097E26C600826121 /* Debug */,
				00B7E1F7097E26C600826121 /* Release */,
			);
			defaultConfigurationIsVisible = 0;
			defaultConfigurationName = Debug;
		};
/* End XCConfigurationList section */
	};
	rootObject = 0867D690FE84028FC02AAC07 /* Project object */;
}
